// !$*UTF8*$!
{
	archiveVersion = 1;
	classes = {
	};
	objectVersion = 56;
	objects = {

/* Begin PBXBuildFile section */
		24955520921B5C9DA4A9F6C1 /* ProfileView.swift in Sources */ = {isa = PBXBuildFile; fileRef = ACC550DCFF96B6630A6C8F70 /* ProfileView.swift */; };
		56B98B0996B208DFE01050A6 /* HealthView.swift in Sources */ = {isa = PBXBuildFile; fileRef = 5C58A5E4A878AC7816EB3122 /* HealthView.swift */; };
		961C2FE01F4983F1585AF912 /* UploadView.swift in Sources */ = {isa = PBXBuildFile; fileRef = B2095ED9CB5E4B6E6FA83799 /* UploadView.swift */; };
		DD94C01F40F9C98906B530BC /* MainTabView.swift in Sources */ = {isa = PBXBuildFile; fileRef = 41E79A6FE4F5BA2E1F917761 /* MainTabView.swift */; };
		F34AB25163A7004F64C6550E /* HomeView.swift in Sources */ = {isa = PBXBuildFile; fileRef = EDF1E5E15C4654C0F526462A /* HomeView.swift */; };
		F75BF70911B545927A3DCB27 /* ExploreView.swift in Sources */ = {isa = PBXBuildFile; fileRef = C89EC00ED13981D09603CF99 /* ExploreView.swift */; };
		F974B1D42EC9553B003EBF59 /* BillixApp.swift in Sources */ = {isa = PBXBuildFile; fileRef = F974B1D32EC9553B003EBF59 /* BillixApp.swift */; };
		F974B1D62EC9553B003EBF59 /* ContentView.swift in Sources */ = {isa = PBXBuildFile; fileRef = F974B1D52EC9553B003EBF59 /* ContentView.swift */; };
		F974B1D82EC9553B003EBF59 /* Item.swift in Sources */ = {isa = PBXBuildFile; fileRef = F974B1D72EC9553B003EBF59 /* Item.swift */; };
		F974B1DA2EC9553C003EBF59 /* Assets.xcassets in Resources */ = {isa = PBXBuildFile; fileRef = F974B1D92EC9553C003EBF59 /* Assets.xcassets */; };
		F974B1DE2EC9553C003EBF59 /* Preview Assets.xcassets in Resources */ = {isa = PBXBuildFile; fileRef = F974B1DD2EC9553C003EBF59 /* Preview Assets.xcassets */; };
		F974B1E82EC9553C003EBF59 /* BillixTests.swift in Sources */ = {isa = PBXBuildFile; fileRef = F974B1E72EC9553C003EBF59 /* BillixTests.swift */; };
		F974B1F22EC9553C003EBF59 /* BillixUITests.swift in Sources */ = {isa = PBXBuildFile; fileRef = F974B1F12EC9553C003EBF59 /* BillixUITests.swift */; };
		F974B1F42EC9553C003EBF59 /* BillixUITestsLaunchTests.swift in Sources */ = {isa = PBXBuildFile; fileRef = F974B1F32EC9553C003EBF59 /* BillixUITestsLaunchTests.swift */; };
		F974B2012EC955A1003EBF59 /* LoginView.swift in Sources */ = {isa = PBXBuildFile; fileRef = F974B2002EC955A1003EBF59 /* LoginView.swift */; };
		F974B2032EC955C0003EBF59 /* ColorPalette.swift in Sources */ = {isa = PBXBuildFile; fileRef = F974B2022EC955C0003EBF59 /* ColorPalette.swift */; };
/* End PBXBuildFile section */

/* Begin PBXContainerItemProxy section */
		F974B1E42EC9553C003EBF59 /* PBXContainerItemProxy */ = {
			isa = PBXContainerItemProxy;
			containerPortal = F974B1C82EC9553B003EBF59 /* Project object */;
			proxyType = 1;
			remoteGlobalIDString = F974B1CF2EC9553B003EBF59;
			remoteInfo = Billix;
		};
		F974B1EE2EC9553C003EBF59 /* PBXContainerItemProxy */ = {
			isa = PBXContainerItemProxy;
			containerPortal = F974B1C82EC9553B003EBF59 /* Project object */;
			proxyType = 1;
			remoteGlobalIDString = F974B1CF2EC9553B003EBF59;
			remoteInfo = Billix;
		};
/* End PBXContainerItemProxy section */

/* Begin PBXFileReference section */
		41E79A6FE4F5BA2E1F917761 /* MainTabView.swift */ = {isa = PBXFileReference; includeInIndex = 1; lastKnownFileType = sourcecode.swift; path = MainTabView.swift; sourceTree = "<group>"; };
		5C58A5E4A878AC7816EB3122 /* HealthView.swift */ = {isa = PBXFileReference; includeInIndex = 1; lastKnownFileType = sourcecode.swift; path = HealthView.swift; sourceTree = "<group>"; };
		ACC550DCFF96B6630A6C8F70 /* ProfileView.swift */ = {isa = PBXFileReference; includeInIndex = 1; lastKnownFileType = sourcecode.swift; path = ProfileView.swift; sourceTree = "<group>"; };
		B2095ED9CB5E4B6E6FA83799 /* UploadView.swift */ = {isa = PBXFileReference; includeInIndex = 1; lastKnownFileType = sourcecode.swift; path = UploadView.swift; sourceTree = "<group>"; };
		C89EC00ED13981D09603CF99 /* ExploreView.swift */ = {isa = PBXFileReference; includeInIndex = 1; lastKnownFileType = sourcecode.swift; path = ExploreView.swift; sourceTree = "<group>"; };
		EDF1E5E15C4654C0F526462A /* HomeView.swift */ = {isa = PBXFileReference; includeInIndex = 1; lastKnownFileType = sourcecode.swift; path = HomeView.swift; sourceTree = "<group>"; };
		F974B1D02EC9553B003EBF59 /* Billix.app */ = {isa = PBXFileReference; explicitFileType = wrapper.application; includeInIndex = 0; path = Billix.app; sourceTree = BUILT_PRODUCTS_DIR; };
		F974B1D32EC9553B003EBF59 /* BillixApp.swift */ = {isa = PBXFileReference; lastKnownFileType = sourcecode.swift; path = BillixApp.swift; sourceTree = "<group>"; };
		F974B1D52EC9553B003EBF59 /* ContentView.swift */ = {isa = PBXFileReference; lastKnownFileType = sourcecode.swift; path = ContentView.swift; sourceTree = "<group>"; };
		F974B1D72EC9553B003EBF59 /* Item.swift */ = {isa = PBXFileReference; lastKnownFileType = sourcecode.swift; path = Item.swift; sourceTree = "<group>"; };
		F974B1D92EC9553C003EBF59 /* Assets.xcassets */ = {isa = PBXFileReference; lastKnownFileType = folder.assetcatalog; path = Assets.xcassets; sourceTree = "<group>"; };
		F974B1DB2EC9553C003EBF59 /* Billix.entitlements */ = {isa = PBXFileReference; lastKnownFileType = text.plist.entitlements; path = Billix.entitlements; sourceTree = "<group>"; };
		F974B1DD2EC9553C003EBF59 /* Preview Assets.xcassets */ = {isa = PBXFileReference; lastKnownFileType = folder.assetcatalog; path = "Preview Assets.xcassets"; sourceTree = "<group>"; };
		F974B1E32EC9553C003EBF59 /* BillixTests.xctest */ = {isa = PBXFileReference; explicitFileType = wrapper.cfbundle; includeInIndex = 0; path = BillixTests.xctest; sourceTree = BUILT_PRODUCTS_DIR; };
		F974B1E72EC9553C003EBF59 /* BillixTests.swift */ = {isa = PBXFileReference; lastKnownFileType = sourcecode.swift; path = BillixTests.swift; sourceTree = "<group>"; };
		F974B1ED2EC9553C003EBF59 /* BillixUITests.xctest */ = {isa = PBXFileReference; explicitFileType = wrapper.cfbundle; includeInIndex = 0; path = BillixUITests.xctest; sourceTree = BUILT_PRODUCTS_DIR; };
		F974B1F12EC9553C003EBF59 /* BillixUITests.swift */ = {isa = PBXFileReference; lastKnownFileType = sourcecode.swift; path = BillixUITests.swift; sourceTree = "<group>"; };
		F974B1F32EC9553C003EBF59 /* BillixUITestsLaunchTests.swift */ = {isa = PBXFileReference; lastKnownFileType = sourcecode.swift; path = BillixUITestsLaunchTests.swift; sourceTree = "<group>"; };
		F974B2002EC955A1003EBF59 /* LoginView.swift */ = {isa = PBXFileReference; lastKnownFileType = sourcecode.swift; path = LoginView.swift; sourceTree = "<group>"; };
		F974B2022EC955C0003EBF59 /* ColorPalette.swift */ = {isa = PBXFileReference; lastKnownFileType = sourcecode.swift; path = ColorPalette.swift; sourceTree = "<group>"; };
/* End PBXFileReference section */

/* Begin PBXFrameworksBuildPhase section */
		F974B1CD2EC9553B003EBF59 /* Frameworks */ = {
			isa = PBXFrameworksBuildPhase;
			buildActionMask = 2147483647;
			files = (
			);
			runOnlyForDeploymentPostprocessing = 0;
		};
		F974B1E02EC9553C003EBF59 /* Frameworks */ = {
			isa = PBXFrameworksBuildPhase;
			buildActionMask = 2147483647;
			files = (
			);
			runOnlyForDeploymentPostprocessing = 0;
		};
		F974B1EA2EC9553C003EBF59 /* Frameworks */ = {
			isa = PBXFrameworksBuildPhase;
			buildActionMask = 2147483647;
			files = (
			);
			runOnlyForDeploymentPostprocessing = 0;
		};
/* End PBXFrameworksBuildPhase section */

/* Begin PBXGroup section */
		F974B1C72EC9553B003EBF59 = {
			isa = PBXGroup;
			children = (
				F974B1D22EC9553B003EBF59 /* Billix */,
				F974B1E62EC9553C003EBF59 /* BillixTests */,
				F974B1F02EC9553C003EBF59 /* BillixUITests */,
				F974B1D12EC9553B003EBF59 /* Products */,
			);
			sourceTree = "<group>";
		};
		F974B1D12EC9553B003EBF59 /* Products */ = {
			isa = PBXGroup;
			children = (
				F974B1D02EC9553B003EBF59 /* Billix.app */,
				F974B1E32EC9553C003EBF59 /* BillixTests.xctest */,
				F974B1ED2EC9553C003EBF59 /* BillixUITests.xctest */,
			);
			name = Products;
			sourceTree = "<group>";
		};
		F974B1D22EC9553B003EBF59 /* Billix */ = {
			isa = PBXGroup;
			children = (
				1A1A1A1A1A1A1A1A1A1A1A1A /* App */,
				2B2B2B2B2B2B2B2B2B2B2B2B /* Features */,
				3C3C3C3C3C3C3C3C3C3C3C3C /* Models */,
				4D4D4D4D4D4D4D4D4D4D4D4D /* Utilities */,
				5E5E5E5E5E5E5E5E5E5E5E5E /* Components */,
				6F6F6F6F6F6F6F6F6F6F6F6F /* Services */,
				7A7A7A7A7A7A7A7A7A7A7A7A /* Extensions */,
				F974B1D92EC9553C003EBF59 /* Assets.xcassets */,
				F974B1DB2EC9553C003EBF59 /* Billix.entitlements */,
				F974B1DC2EC9553C003EBF59 /* Preview Content */,
			);
			path = Billix;
			sourceTree = "<group>";
		};
		1A1A1A1A1A1A1A1A1A1A1A1A /* App */ = {
			isa = PBXGroup;
			children = (
				F974B1D32EC9553B003EBF59 /* BillixApp.swift */,
				F974B1D52EC9553B003EBF59 /* ContentView.swift */,
				41E79A6FE4F5BA2E1F917761 /* MainTabView.swift */,
			);
			path = App;
			sourceTree = "<group>";
		};
		2B2B2B2B2B2B2B2B2B2B2B2B /* Features */ = {
			isa = PBXGroup;
			children = (
				8A8A8A8A8A8A8A8A8A8A8A8A /* Auth */,
				8B8B8B8B8B8B8B8B8B8B8B8B /* Home */,
				8C8C8C8C8C8C8C8C8C8C8C8C /* Explore */,
				8D8D8D8D8D8D8D8D8D8D8D8D /* Upload */,
				8E8E8E8E8E8E8E8E8E8E8E8E /* Health */,
				8F8F8F8F8F8F8F8F8F8F8F8F /* Profile */,
			);
			path = Features;
			sourceTree = "<group>";
		};
		8A8A8A8A8A8A8A8A8A8A8A8A /* Auth */ = {
			isa = PBXGroup;
			children = (
				F974B2002EC955A1003EBF59 /* LoginView.swift */,
			);
			path = Auth;
			sourceTree = "<group>";
		};
		8B8B8B8B8B8B8B8B8B8B8B8B /* Home */ = {
			isa = PBXGroup;
			children = (
				EDF1E5E15C4654C0F526462A /* HomeView.swift */,
			);
			path = Home;
			sourceTree = "<group>";
		};
		8C8C8C8C8C8C8C8C8C8C8C8C /* Explore */ = {
			isa = PBXGroup;
			children = (
				C89EC00ED13981D09603CF99 /* ExploreView.swift */,
			);
			path = Explore;
			sourceTree = "<group>";
		};
		8D8D8D8D8D8D8D8D8D8D8D8D /* Upload */ = {
			isa = PBXGroup;
			children = (
				B2095ED9CB5E4B6E6FA83799 /* UploadView.swift */,
			);
			path = Upload;
			sourceTree = "<group>";
		};
		8E8E8E8E8E8E8E8E8E8E8E8E /* Health */ = {
			isa = PBXGroup;
			children = (
				5C58A5E4A878AC7816EB3122 /* HealthView.swift */,
			);
			path = Health;
			sourceTree = "<group>";
		};
		8F8F8F8F8F8F8F8F8F8F8F8F /* Profile */ = {
			isa = PBXGroup;
			children = (
				ACC550DCFF96B6630A6C8F70 /* ProfileView.swift */,
			);
			path = Profile;
			sourceTree = "<group>";
		};
		3C3C3C3C3C3C3C3C3C3C3C3C /* Models */ = {
			isa = PBXGroup;
			children = (
				F974B1D72EC9553B003EBF59 /* Item.swift */,
			);
			path = Models;
			sourceTree = "<group>";
		};
		4D4D4D4D4D4D4D4D4D4D4D4D /* Utilities */ = {
			isa = PBXGroup;
			children = (
				F974B2022EC955C0003EBF59 /* ColorPalette.swift */,
			);
			path = Utilities;
			sourceTree = "<group>";
		};
		5E5E5E5E5E5E5E5E5E5E5E5E /* Components */ = {
			isa = PBXGroup;
			children = (
			);
			path = Components;
			sourceTree = "<group>";
		};
		6F6F6F6F6F6F6F6F6F6F6F6F /* Services */ = {
			isa = PBXGroup;
			children = (
			);
			path = Services;
			sourceTree = "<group>";
		};
		7A7A7A7A7A7A7A7A7A7A7A7A /* Extensions */ = {
			isa = PBXGroup;
			children = (
			);
			path = Extensions;
			sourceTree = "<group>";
		};
		F974B1DC2EC9553C003EBF59 /* Preview Content */ = {
			isa = PBXGroup;
			children = (
				F974B1DD2EC9553C003EBF59 /* Preview Assets.xcassets */,
			);
			path = "Preview Content";
			sourceTree = "<group>";
		};
		F974B1E62EC9553C003EBF59 /* BillixTests */ = {
			isa = PBXGroup;
			children = (
				F974B1E72EC9553C003EBF59 /* BillixTests.swift */,
			);
			path = BillixTests;
			sourceTree = "<group>";
		};
		F974B1F02EC9553C003EBF59 /* BillixUITests */ = {
			isa = PBXGroup;
			children = (
				F974B1F12EC9553C003EBF59 /* BillixUITests.swift */,
				F974B1F32EC9553C003EBF59 /* BillixUITestsLaunchTests.swift */,
			);
			path = BillixUITests;
			sourceTree = "<group>";
		};
/* End PBXGroup section */

/* Begin PBXNativeTarget section */
		F974B1CF2EC9553B003EBF59 /* Billix */ = {
			isa = PBXNativeTarget;
			buildConfigurationList = F974B1F72EC9553C003EBF59 /* Build configuration list for PBXNativeTarget "Billix" */;
			buildPhases = (
				F974B1CC2EC9553B003EBF59 /* Sources */,
				F974B1CD2EC9553B003EBF59 /* Frameworks */,
				F974B1CE2EC9553B003EBF59 /* Resources */,
			);
			buildRules = (
			);
			dependencies = (
			);
			name = Billix;
			productName = Billix;
			productReference = F974B1D02EC9553B003EBF59 /* Billix.app */;
			productType = "com.apple.product-type.application";
		};
		F974B1E22EC9553C003EBF59 /* BillixTests */ = {
			isa = PBXNativeTarget;
			buildConfigurationList = F974B1FA2EC9553C003EBF59 /* Build configuration list for PBXNativeTarget "BillixTests" */;
			buildPhases = (
				F974B1DF2EC9553C003EBF59 /* Sources */,
				F974B1E02EC9553C003EBF59 /* Frameworks */,
				F974B1E12EC9553C003EBF59 /* Resources */,
			);
			buildRules = (
			);
			dependencies = (
				F974B1E52EC9553C003EBF59 /* PBXTargetDependency */,
			);
			name = BillixTests;
			productName = BillixTests;
			productReference = F974B1E32EC9553C003EBF59 /* BillixTests.xctest */;
			productType = "com.apple.product-type.bundle.unit-test";
		};
		F974B1EC2EC9553C003EBF59 /* BillixUITests */ = {
			isa = PBXNativeTarget;
			buildConfigurationList = F974B1FD2EC9553C003EBF59 /* Build configuration list for PBXNativeTarget "BillixUITests" */;
			buildPhases = (
				F974B1E92EC9553C003EBF59 /* Sources */,
				F974B1EA2EC9553C003EBF59 /* Frameworks */,
				F974B1EB2EC9553C003EBF59 /* Resources */,
			);
			buildRules = (
			);
			dependencies = (
				F974B1EF2EC9553C003EBF59 /* PBXTargetDependency */,
			);
			name = BillixUITests;
			productName = BillixUITests;
			productReference = F974B1ED2EC9553C003EBF59 /* BillixUITests.xctest */;
			productType = "com.apple.product-type.bundle.ui-testing";
		};
/* End PBXNativeTarget section */

/* Begin PBXProject section */
		F974B1C82EC9553B003EBF59 /* Project object */ = {
			isa = PBXProject;
			attributes = {
				BuildIndependentTargetsInParallel = 1;
				LastSwiftUpdateCheck = 1540;
				LastUpgradeCheck = 1540;
				TargetAttributes = {
					F974B1CF2EC9553B003EBF59 = {
						CreatedOnToolsVersion = 15.4;
					};
					F974B1E22EC9553C003EBF59 = {
						CreatedOnToolsVersion = 15.4;
						TestTargetID = F974B1CF2EC9553B003EBF59;
					};
					F974B1EC2EC9553C003EBF59 = {
						CreatedOnToolsVersion = 15.4;
						TestTargetID = F974B1CF2EC9553B003EBF59;
					};
				};
			};
			buildConfigurationList = F974B1CB2EC9553B003EBF59 /* Build configuration list for PBXProject "Billix" */;
			compatibilityVersion = "Xcode 14.0";
			developmentRegion = en;
			hasScannedForEncodings = 0;
			knownRegions = (
				en,
				Base,
			);
			mainGroup = F974B1C72EC9553B003EBF59;
			productRefGroup = F974B1D12EC9553B003EBF59 /* Products */;
			projectDirPath = "";
			projectRoot = "";
			targets = (
				F974B1CF2EC9553B003EBF59 /* Billix */,
				F974B1E22EC9553C003EBF59 /* BillixTests */,
				F974B1EC2EC9553C003EBF59 /* BillixUITests */,
			);
		};
/* End PBXProject section */

/* Begin PBXResourcesBuildPhase section */
		F974B1CE2EC9553B003EBF59 /* Resources */ = {
			isa = PBXResourcesBuildPhase;
			buildActionMask = 2147483647;
			files = (
				F974B1DE2EC9553C003EBF59 /* Preview Assets.xcassets in Resources */,
				F974B1DA2EC9553C003EBF59 /* Assets.xcassets in Resources */,
			);
			runOnlyForDeploymentPostprocessing = 0;
		};
		F974B1E12EC9553C003EBF59 /* Resources */ = {
			isa = PBXResourcesBuildPhase;
			buildActionMask = 2147483647;
			files = (
			);
			runOnlyForDeploymentPostprocessing = 0;
		};
		F974B1EB2EC9553C003EBF59 /* Resources */ = {
			isa = PBXResourcesBuildPhase;
			buildActionMask = 2147483647;
			files = (
			);
			runOnlyForDeploymentPostprocessing = 0;
		};
/* End PBXResourcesBuildPhase section */

/* Begin PBXSourcesBuildPhase section */
		F974B1CC2EC9553B003EBF59 /* Sources */ = {
			isa = PBXSourcesBuildPhase;
			buildActionMask = 2147483647;
			files = (
				F974B2032EC955C0003EBF59 /* ColorPalette.swift in Sources */,
				F974B1D62EC9553B003EBF59 /* ContentView.swift in Sources */,
				F974B1D82EC9553B003EBF59 /* Item.swift in Sources */,
				F974B2012EC955A1003EBF59 /* LoginView.swift in Sources */,
				F974B1D42EC9553B003EBF59 /* BillixApp.swift in Sources */,
				DD94C01F40F9C98906B530BC /* MainTabView.swift in Sources */,
				F34AB25163A7004F64C6550E /* HomeView.swift in Sources */,
				F75BF70911B545927A3DCB27 /* ExploreView.swift in Sources */,
				961C2FE01F4983F1585AF912 /* UploadView.swift in Sources */,
				56B98B0996B208DFE01050A6 /* HealthView.swift in Sources */,
				24955520921B5C9DA4A9F6C1 /* ProfileView.swift in Sources */,
			);
			runOnlyForDeploymentPostprocessing = 0;
		};
		F974B1DF2EC9553C003EBF59 /* Sources */ = {
			isa = PBXSourcesBuildPhase;
			buildActionMask = 2147483647;
			files = (
				F974B1E82EC9553C003EBF59 /* BillixTests.swift in Sources */,
			);
			runOnlyForDeploymentPostprocessing = 0;
		};
		F974B1E92EC9553C003EBF59 /* Sources */ = {
			isa = PBXSourcesBuildPhase;
			buildActionMask = 2147483647;
			files = (
				F974B1F42EC9553C003EBF59 /* BillixUITestsLaunchTests.swift in Sources */,
				F974B1F22EC9553C003EBF59 /* BillixUITests.swift in Sources */,
			);
			runOnlyForDeploymentPostprocessing = 0;
		};
/* End PBXSourcesBuildPhase section */

/* Begin PBXTargetDependency section */
		F974B1E52EC9553C003EBF59 /* PBXTargetDependency */ = {
			isa = PBXTargetDependency;
			target = F974B1CF2EC9553B003EBF59 /* Billix */;
			targetProxy = F974B1E42EC9553C003EBF59 /* PBXContainerItemProxy */;
		};
		F974B1EF2EC9553C003EBF59 /* PBXTargetDependency */ = {
			isa = PBXTargetDependency;
			target = F974B1CF2EC9553B003EBF59 /* Billix */;
			targetProxy = F974B1EE2EC9553C003EBF59 /* PBXContainerItemProxy */;
		};
/* End PBXTargetDependency section */

/* Begin XCBuildConfiguration section */
		F974B1F52EC9553C003EBF59 /* Debug */ = {
			isa = XCBuildConfiguration;
			buildSettings = {
				ALWAYS_SEARCH_USER_PATHS = NO;
				ASSETCATALOG_COMPILER_GENERATE_SWIFT_ASSET_SYMBOL_EXTENSIONS = YES;
				CLANG_ANALYZER_NONNULL = YES;
				CLANG_ANALYZER_NUMBER_OBJECT_CONVERSION = YES_AGGRESSIVE;
				CLANG_CXX_LANGUAGE_STANDARD = "gnu++20";
				CLANG_ENABLE_MODULES = YES;
				CLANG_ENABLE_OBJC_ARC = YES;
				CLANG_ENABLE_OBJC_WEAK = YES;
				CLANG_WARN_BLOCK_CAPTURE_AUTORELEASING = YES;
				CLANG_WARN_BOOL_CONVERSION = YES;
				CLANG_WARN_COMMA = YES;
				CLANG_WARN_CONSTANT_CONVERSION = YES;
				CLANG_WARN_DEPRECATED_OBJC_IMPLEMENTATIONS = YES;
				CLANG_WARN_DIRECT_OBJC_ISA_USAGE = YES_ERROR;
				CLANG_WARN_DOCUMENTATION_COMMENTS = YES;
				CLANG_WARN_EMPTY_BODY = YES;
				CLANG_WARN_ENUM_CONVERSION = YES;
				CLANG_WARN_INFINITE_RECURSION = YES;
				CLANG_WARN_INT_CONVERSION = YES;
				CLANG_WARN_NON_LITERAL_NULL_CONVERSION = YES;
				CLANG_WARN_OBJC_IMPLICIT_RETAIN_SELF = YES;
				CLANG_WARN_OBJC_LITERAL_CONVERSION = YES;
				CLANG_WARN_OBJC_ROOT_CLASS = YES_ERROR;
				CLANG_WARN_QUOTED_INCLUDE_IN_FRAMEWORK_HEADER = YES;
				CLANG_WARN_RANGE_LOOP_ANALYSIS = YES;
				CLANG_WARN_STRICT_PROTOTYPES = YES;
				CLANG_WARN_SUSPICIOUS_MOVE = YES;
				CLANG_WARN_UNGUARDED_AVAILABILITY = YES_AGGRESSIVE;
				CLANG_WARN_UNREACHABLE_CODE = YES;
				CLANG_WARN__DUPLICATE_METHOD_MATCH = YES;
				COPY_PHASE_STRIP = NO;
				DEBUG_INFORMATION_FORMAT = dwarf;
				ENABLE_STRICT_OBJC_MSGSEND = YES;
				ENABLE_TESTABILITY = YES;
				ENABLE_USER_SCRIPT_SANDBOXING = YES;
				GCC_C_LANGUAGE_STANDARD = gnu17;
				GCC_DYNAMIC_NO_PIC = NO;
				GCC_NO_COMMON_BLOCKS = YES;
				GCC_OPTIMIZATION_LEVEL = 0;
				GCC_PREPROCESSOR_DEFINITIONS = (
					"DEBUG=1",
					"$(inherited)",
				);
				GCC_WARN_64_TO_32_BIT_CONVERSION = YES;
				GCC_WARN_ABOUT_RETURN_TYPE = YES_ERROR;
				GCC_WARN_UNDECLARED_SELECTOR = YES;
				GCC_WARN_UNINITIALIZED_AUTOS = YES_AGGRESSIVE;
				GCC_WARN_UNUSED_FUNCTION = YES;
				GCC_WARN_UNUSED_VARIABLE = YES;
				LOCALIZATION_PREFERS_STRING_CATALOGS = YES;
				MTL_ENABLE_DEBUG_INFO = INCLUDE_SOURCE;
				MTL_FAST_MATH = YES;
				ONLY_ACTIVE_ARCH = YES;
				SWIFT_ACTIVE_COMPILATION_CONDITIONS = "DEBUG $(inherited)";
				SWIFT_OPTIMIZATION_LEVEL = "-Onone";
			};
			name = Debug;
		};
		F974B1F62EC9553C003EBF59 /* Release */ = {
			isa = XCBuildConfiguration;
			buildSettings = {
				ALWAYS_SEARCH_USER_PATHS = NO;
				ASSETCATALOG_COMPILER_GENERATE_SWIFT_ASSET_SYMBOL_EXTENSIONS = YES;
				CLANG_ANALYZER_NONNULL = YES;
				CLANG_ANALYZER_NUMBER_OBJECT_CONVERSION = YES_AGGRESSIVE;
				CLANG_CXX_LANGUAGE_STANDARD = "gnu++20";
				CLANG_ENABLE_MODULES = YES;
				CLANG_ENABLE_OBJC_ARC = YES;
				CLANG_ENABLE_OBJC_WEAK = YES;
				CLANG_WARN_BLOCK_CAPTURE_AUTORELEASING = YES;
				CLANG_WARN_BOOL_CONVERSION = YES;
				CLANG_WARN_COMMA = YES;
				CLANG_WARN_CONSTANT_CONVERSION = YES;
				CLANG_WARN_DEPRECATED_OBJC_IMPLEMENTATIONS = YES;
				CLANG_WARN_DIRECT_OBJC_ISA_USAGE = YES_ERROR;
				CLANG_WARN_DOCUMENTATION_COMMENTS = YES;
				CLANG_WARN_EMPTY_BODY = YES;
				CLANG_WARN_ENUM_CONVERSION = YES;
				CLANG_WARN_INFINITE_RECURSION = YES;
				CLANG_WARN_INT_CONVERSION = YES;
				CLANG_WARN_NON_LITERAL_NULL_CONVERSION = YES;
				CLANG_WARN_OBJC_IMPLICIT_RETAIN_SELF = YES;
				CLANG_WARN_OBJC_LITERAL_CONVERSION = YES;
				CLANG_WARN_OBJC_ROOT_CLASS = YES_ERROR;
				CLANG_WARN_QUOTED_INCLUDE_IN_FRAMEWORK_HEADER = YES;
				CLANG_WARN_RANGE_LOOP_ANALYSIS = YES;
				CLANG_WARN_STRICT_PROTOTYPES = YES;
				CLANG_WARN_SUSPICIOUS_MOVE = YES;
				CLANG_WARN_UNGUARDED_AVAILABILITY = YES_AGGRESSIVE;
				CLANG_WARN_UNREACHABLE_CODE = YES;
				CLANG_WARN__DUPLICATE_METHOD_MATCH = YES;
				COPY_PHASE_STRIP = NO;
				DEBUG_INFORMATION_FORMAT = "dwarf-with-dsym";
				ENABLE_NS_ASSERTIONS = NO;
				ENABLE_STRICT_OBJC_MSGSEND = YES;
				ENABLE_USER_SCRIPT_SANDBOXING = YES;
				GCC_C_LANGUAGE_STANDARD = gnu17;
				GCC_NO_COMMON_BLOCKS = YES;
				GCC_WARN_64_TO_32_BIT_CONVERSION = YES;
				GCC_WARN_ABOUT_RETURN_TYPE = YES_ERROR;
				GCC_WARN_UNDECLARED_SELECTOR = YES;
				GCC_WARN_UNINITIALIZED_AUTOS = YES_AGGRESSIVE;
				GCC_WARN_UNUSED_FUNCTION = YES;
				GCC_WARN_UNUSED_VARIABLE = YES;
				LOCALIZATION_PREFERS_STRING_CATALOGS = YES;
				MTL_ENABLE_DEBUG_INFO = NO;
				MTL_FAST_MATH = YES;
				SWIFT_COMPILATION_MODE = wholemodule;
			};
			name = Release;
		};
		F974B1F82EC9553C003EBF59 /* Debug */ = {
			isa = XCBuildConfiguration;
			buildSettings = {
				ASSETCATALOG_COMPILER_APPICON_NAME = AppIcon;
				ASSETCATALOG_COMPILER_GLOBAL_ACCENT_COLOR_NAME = AccentColor;
				CODE_SIGN_ENTITLEMENTS = Billix/Billix.entitlements;
				CODE_SIGN_STYLE = Automatic;
				CURRENT_PROJECT_VERSION = 1;
				DEVELOPMENT_ASSET_PATHS = "\"Billix/Preview Content\"";
				ENABLE_PREVIEWS = YES;
				GENERATE_INFOPLIST_FILE = YES;
				"INFOPLIST_KEY_UIApplicationSceneManifest_Generation[sdk=iphoneos*]" = YES;
				"INFOPLIST_KEY_UIApplicationSceneManifest_Generation[sdk=iphonesimulator*]" = YES;
				"INFOPLIST_KEY_UIApplicationSupportsIndirectInputEvents[sdk=iphoneos*]" = YES;
				"INFOPLIST_KEY_UIApplicationSupportsIndirectInputEvents[sdk=iphonesimulator*]" = YES;
				"INFOPLIST_KEY_UILaunchScreen_Generation[sdk=iphoneos*]" = YES;
				"INFOPLIST_KEY_UILaunchScreen_Generation[sdk=iphonesimulator*]" = YES;
				"INFOPLIST_KEY_UIStatusBarStyle[sdk=iphoneos*]" = UIStatusBarStyleDefault;
				"INFOPLIST_KEY_UIStatusBarStyle[sdk=iphonesimulator*]" = UIStatusBarStyleDefault;
				INFOPLIST_KEY_UISupportedInterfaceOrientations_iPad = "UIInterfaceOrientationPortrait UIInterfaceOrientationPortraitUpsideDown UIInterfaceOrientationLandscapeLeft UIInterfaceOrientationLandscapeRight";
				INFOPLIST_KEY_UISupportedInterfaceOrientations_iPhone = "UIInterfaceOrientationPortrait UIInterfaceOrientationLandscapeLeft UIInterfaceOrientationLandscapeRight";
				IPHONEOS_DEPLOYMENT_TARGET = 17.5;
				LD_RUNPATH_SEARCH_PATHS = "@executable_path/Frameworks";
				"LD_RUNPATH_SEARCH_PATHS[sdk=macosx*]" = "@executable_path/../Frameworks";
				MACOSX_DEPLOYMENT_TARGET = 14.0;
				MARKETING_VERSION = 1.0;
				PRODUCT_BUNDLE_IDENTIFIER = com.billix.app.Billix;
				PRODUCT_NAME = "$(TARGET_NAME)";
				SDKROOT = auto;
				SUPPORTED_PLATFORMS = "iphoneos iphonesimulator macosx";
				SWIFT_EMIT_LOC_STRINGS = YES;
				SWIFT_VERSION = 5.0;
				TARGETED_DEVICE_FAMILY = "1,2";
			};
			name = Debug;
		};
		F974B1F92EC9553C003EBF59 /* Release */ = {
			isa = XCBuildConfiguration;
			buildSettings = {
				ASSETCATALOG_COMPILER_APPICON_NAME = AppIcon;
				ASSETCATALOG_COMPILER_GLOBAL_ACCENT_COLOR_NAME = AccentColor;
				CODE_SIGN_ENTITLEMENTS = Billix/Billix.entitlements;
				CODE_SIGN_STYLE = Automatic;
				CURRENT_PROJECT_VERSION = 1;
				DEVELOPMENT_ASSET_PATHS = "\"Billix/Preview Content\"";
				ENABLE_PREVIEWS = YES;
				GENERATE_INFOPLIST_FILE = YES;
				"INFOPLIST_KEY_UIApplicationSceneManifest_Generation[sdk=iphoneos*]" = YES;
				"INFOPLIST_KEY_UIApplicationSceneManifest_Generation[sdk=iphonesimulator*]" = YES;
				"INFOPLIST_KEY_UIApplicationSupportsIndirectInputEvents[sdk=iphoneos*]" = YES;
				"INFOPLIST_KEY_UIApplicationSupportsIndirectInputEvents[sdk=iphonesimulator*]" = YES;
				"INFOPLIST_KEY_UILaunchScreen_Generation[sdk=iphoneos*]" = YES;
				"INFOPLIST_KEY_UILaunchScreen_Generation[sdk=iphonesimulator*]" = YES;
				"INFOPLIST_KEY_UIStatusBarStyle[sdk=iphoneos*]" = UIStatusBarStyleDefault;
				"INFOPLIST_KEY_UIStatusBarStyle[sdk=iphonesimulator*]" = UIStatusBarStyleDefault;
				INFOPLIST_KEY_UISupportedInterfaceOrientations_iPad = "UIInterfaceOrientationPortrait UIInterfaceOrientationPortraitUpsideDown UIInterfaceOrientationLandscapeLeft UIInterfaceOrientationLandscapeRight";
				INFOPLIST_KEY_UISupportedInterfaceOrientations_iPhone = "UIInterfaceOrientationPortrait UIInterfaceOrientationLandscapeLeft UIInterfaceOrientationLandscapeRight";
				IPHONEOS_DEPLOYMENT_TARGET = 17.5;
				LD_RUNPATH_SEARCH_PATHS = "@executable_path/Frameworks";
				"LD_RUNPATH_SEARCH_PATHS[sdk=macosx*]" = "@executable_path/../Frameworks";
				MACOSX_DEPLOYMENT_TARGET = 14.0;
				MARKETING_VERSION = 1.0;
				PRODUCT_BUNDLE_IDENTIFIER = com.billix.app.Billix;
				PRODUCT_NAME = "$(TARGET_NAME)";
				SDKROOT = auto;
				SUPPORTED_PLATFORMS = "iphoneos iphonesimulator macosx";
				SWIFT_EMIT_LOC_STRINGS = YES;
				SWIFT_VERSION = 5.0;
				TARGETED_DEVICE_FAMILY = "1,2";
			};
			name = Release;
		};
		F974B1FB2EC9553C003EBF59 /* Debug */ = {
			isa = XCBuildConfiguration;
			buildSettings = {
				ALWAYS_EMBED_SWIFT_STANDARD_LIBRARIES = YES;
				BUNDLE_LOADER = "$(TEST_HOST)";
				CODE_SIGN_STYLE = Automatic;
				CURRENT_PROJECT_VERSION = 1;
				GENERATE_INFOPLIST_FILE = YES;
				IPHONEOS_DEPLOYMENT_TARGET = 17.5;
				MACOSX_DEPLOYMENT_TARGET = 14.5;
				MARKETING_VERSION = 1.0;
				PRODUCT_BUNDLE_IDENTIFIER = com.billix.app.BillixTests;
				PRODUCT_NAME = "$(TARGET_NAME)";
				SDKROOT = auto;
				SUPPORTED_PLATFORMS = "iphoneos iphonesimulator macosx";
				SWIFT_EMIT_LOC_STRINGS = NO;
				SWIFT_VERSION = 5.0;
				TARGETED_DEVICE_FAMILY = "1,2";
				TEST_HOST = "$(BUILT_PRODUCTS_DIR)/Billix.app/$(BUNDLE_EXECUTABLE_FOLDER_PATH)/Billix";
			};
			name = Debug;
		};
		F974B1FC2EC9553C003EBF59 /* Release */ = {
			isa = XCBuildConfiguration;
			buildSettings = {
				ALWAYS_EMBED_SWIFT_STANDARD_LIBRARIES = YES;
				BUNDLE_LOADER = "$(TEST_HOST)";
				CODE_SIGN_STYLE = Automatic;
				CURRENT_PROJECT_VERSION = 1;
				GENERATE_INFOPLIST_FILE = YES;
				IPHONEOS_DEPLOYMENT_TARGET = 17.5;
				MACOSX_DEPLOYMENT_TARGET = 14.5;
				MARKETING_VERSION = 1.0;
				PRODUCT_BUNDLE_IDENTIFIER = com.billix.app.BillixTests;
				PRODUCT_NAME = "$(TARGET_NAME)";
				SDKROOT = auto;
				SUPPORTED_PLATFORMS = "iphoneos iphonesimulator macosx";
				SWIFT_EMIT_LOC_STRINGS = NO;
				SWIFT_VERSION = 5.0;
				TARGETED_DEVICE_FAMILY = "1,2";
				TEST_HOST = "$(BUILT_PRODUCTS_DIR)/Billix.app/$(BUNDLE_EXECUTABLE_FOLDER_PATH)/Billix";
			};
			name = Release;
		};
		F974B1FE2EC9553C003EBF59 /* Debug */ = {
			isa = XCBuildConfiguration;
			buildSettings = {
				ALWAYS_EMBED_SWIFT_STANDARD_LIBRARIES = YES;
				CODE_SIGN_STYLE = Automatic;
				CURRENT_PROJECT_VERSION = 1;
				GENERATE_INFOPLIST_FILE = YES;
				IPHONEOS_DEPLOYMENT_TARGET = 17.5;
				MACOSX_DEPLOYMENT_TARGET = 14.5;
				MARKETING_VERSION = 1.0;
				PRODUCT_BUNDLE_IDENTIFIER = com.billix.app.BillixUITests;
				PRODUCT_NAME = "$(TARGET_NAME)";
				SDKROOT = auto;
				SUPPORTED_PLATFORMS = "iphoneos iphonesimulator macosx";
				SWIFT_EMIT_LOC_STRINGS = NO;
				SWIFT_VERSION = 5.0;
				TARGETED_DEVICE_FAMILY = "1,2";
				TEST_TARGET_NAME = Billix;
			};
			name = Debug;
		};
		F974B1FF2EC9553C003EBF59 /* Release */ = {
			isa = XCBuildConfiguration;
			buildSettings = {
				ALWAYS_EMBED_SWIFT_STANDARD_LIBRARIES = YES;
				CODE_SIGN_STYLE = Automatic;
				CURRENT_PROJECT_VERSION = 1;
				GENERATE_INFOPLIST_FILE = YES;
				IPHONEOS_DEPLOYMENT_TARGET = 17.5;
				MACOSX_DEPLOYMENT_TARGET = 14.5;
				MARKETING_VERSION = 1.0;
				PRODUCT_BUNDLE_IDENTIFIER = com.billix.app.BillixUITests;
				PRODUCT_NAME = "$(TARGET_NAME)";
				SDKROOT = auto;
				SUPPORTED_PLATFORMS = "iphoneos iphonesimulator macosx";
				SWIFT_EMIT_LOC_STRINGS = NO;
				SWIFT_VERSION = 5.0;
				TARGETED_DEVICE_FAMILY = "1,2";
				TEST_TARGET_NAME = Billix;
			};
			name = Release;
		};
/* End XCBuildConfiguration section */

/* Begin XCConfigurationList section */
		F974B1CB2EC9553B003EBF59 /* Build configuration list for PBXProject "Billix" */ = {
			isa = XCConfigurationList;
			buildConfigurations = (
				F974B1F52EC9553C003EBF59 /* Debug */,
				F974B1F62EC9553C003EBF59 /* Release */,
			);
			defaultConfigurationIsVisible = 0;
			defaultConfigurationName = Release;
		};
		F974B1F72EC9553C003EBF59 /* Build configuration list for PBXNativeTarget "Billix" */ = {
			isa = XCConfigurationList;
			buildConfigurations = (
				F974B1F82EC9553C003EBF59 /* Debug */,
				F974B1F92EC9553C003EBF59 /* Release */,
			);
			defaultConfigurationIsVisible = 0;
			defaultConfigurationName = Release;
		};
		F974B1FA2EC9553C003EBF59 /* Build configuration list for PBXNativeTarget "BillixTests" */ = {
			isa = XCConfigurationList;
			buildConfigurations = (
				F974B1FB2EC9553C003EBF59 /* Debug */,
				F974B1FC2EC9553C003EBF59 /* Release */,
			);
			defaultConfigurationIsVisible = 0;
			defaultConfigurationName = Release;
		};
		F974B1FD2EC9553C003EBF59 /* Build configuration list for PBXNativeTarget "BillixUITests" */ = {
			isa = XCConfigurationList;
			buildConfigurations = (
				F974B1FE2EC9553C003EBF59 /* Debug */,
				F974B1FF2EC9553C003EBF59 /* Release */,
			);
			defaultConfigurationIsVisible = 0;
			defaultConfigurationName = Release;
		};
/* End XCConfigurationList section */
	};
	rootObject = F974B1C82EC9553B003EBF59 /* Project object */;
}
